
Microsoft Visual Studio Solution File, Format Version 12.00
Project("{2150E333-8FDC-42A3-9474-1A3956D46DE8}") = "homework-01", "homework-01", "{8B4E9A32-F298-452C-96AD-EA1C8C583FA0}"
EndProject
Project("{FAE04EC0-301F-11D3-BF4B-00C04F79EFBC}") = "HelloWorld", "homework-01\HelloWorld\HelloWorld.csproj", "{572CBD0C-D1BB-49E3-98AE-D59314CE9A4F}"
EndProject
Project("{FAE04EC0-301F-11D3-BF4B-00C04F79EFBC}") = "HelloWorld1", "homework-01\HelloWorld1\HelloWorld1.csproj", "{A32DEC40-E883-4A8E-AE84-E5B79FE0D97D}"
EndProject
Project("{2150E333-8FDC-42A3-9474-1A3956D46DE8}") = "homework-02", "homework-02", "{1A68F1F3-1A6C-462B-BBCA-BC80D5FFBD21}"
EndProject
Project("{FAE04EC0-301F-11D3-BF4B-00C04F79EFBC}") = "task-01-types-formatting-operations", "homework-02\task-01-types-formatting-operations\task-01-types-formatting-operations.csproj", "{AE832169-6026-4BA9-80B3-78B60DA9E115}"
EndProject
Project("{2150E333-8FDC-42A3-9474-1A3956D46DE8}") = "homework-03", "homework-03", "{86ADBE4D-B0C4-495D-9B6A-3403D168412A}"
EndProject
Project("{FAE04EC0-301F-11D3-BF4B-00C04F79EFBC}") = "task-01-odd-even", "homework-03\task-01-odd-even\task-01-odd-even.csproj", "{E997DD19-F253-485C-9101-4699F1B4F97D}"
EndProject
Project("{FAE04EC0-301F-11D3-BF4B-00C04F79EFBC}") = "task-02-blackjack", "homework-03\task-02-blackjack\task-02-blackjack.csproj", "{72BB3495-5D3C-4708-8267-7E79C8879041}"
EndProject
Project("{FAE04EC0-301F-11D3-BF4B-00C04F79EFBC}") = "task-03-prime-number", "homework-03\task-03-prime-number\task-03-prime-number.csproj", "{1CD5C3AA-7E82-4BA6-A264-57B8CC98BFBB}"
EndProject
Project("{2150E333-8FDC-42A3-9474-1A3956D46DE8}") = "homework-04", "homework-04", "{79DC6E1E-E4DE-4645-BFD9-C4D4A89193DF}"
EndProject
Project("{FAE04EC0-301F-11D3-BF4B-00C04F79EFBC}") = "task-01-random-matrix", "homework-04\task-01-random-matrix\task-01-random-matrix.csproj", "{112F83BE-1814-4888-AEE2-CA137A65CCDC}"
EndProject
Project("{FAE04EC0-301F-11D3-BF4B-00C04F79EFBC}") = "task-02-find-minimum", "homework-04\task-02-find-minimum\task-02-find-minimum.csproj", "{DB96100F-F6AA-4A52-B0E2-4056812919EC}"
EndProject
Project("{FAE04EC0-301F-11D3-BF4B-00C04F79EFBC}") = "task-03-guess-number", "homework-04\task-03-guess-number\task-03-guess-number.csproj", "{86C9C182-0F0E-4111-896C-033F96617B09}"
EndProject
Project("{2150E333-8FDC-42A3-9474-1A3956D46DE8}") = "homework-05", "homework-05", "{1C49AC17-DF3F-4D1A-8F71-D12C4EE34600}"
EndProject
Project("{FAE04EC0-301F-11D3-BF4B-00C04F79EFBC}") = "task-01-split-line-method", "homework-05\task-01-split-line-method\task-01-split-line-method.csproj", "{A0A1B21B-DCF4-429E-B09E-6E766761068E}"
EndProject
Project("{FAE04EC0-301F-11D3-BF4B-00C04F79EFBC}") = "task-02-reverse-words", "homework-05\task-02-reverse-words\task-02-reverse-words.csproj", "{6AC27508-96B5-4ABC-8A40-F6F35A2E791E}"
EndProject
Global
	GlobalSection(SolutionConfigurationPlatforms) = preSolution
		Debug|Any CPU = Debug|Any CPU
		Release|Any CPU = Release|Any CPU
	EndGlobalSection
	GlobalSection(NestedProjects) = preSolution
		{572CBD0C-D1BB-49E3-98AE-D59314CE9A4F} = {8B4E9A32-F298-452C-96AD-EA1C8C583FA0}
		{A32DEC40-E883-4A8E-AE84-E5B79FE0D97D} = {8B4E9A32-F298-452C-96AD-EA1C8C583FA0}
		{AE832169-6026-4BA9-80B3-78B60DA9E115} = {1A68F1F3-1A6C-462B-BBCA-BC80D5FFBD21}
		{E997DD19-F253-485C-9101-4699F1B4F97D} = {86ADBE4D-B0C4-495D-9B6A-3403D168412A}
		{72BB3495-5D3C-4708-8267-7E79C8879041} = {86ADBE4D-B0C4-495D-9B6A-3403D168412A}
		{1CD5C3AA-7E82-4BA6-A264-57B8CC98BFBB} = {86ADBE4D-B0C4-495D-9B6A-3403D168412A}
		{112F83BE-1814-4888-AEE2-CA137A65CCDC} = {79DC6E1E-E4DE-4645-BFD9-C4D4A89193DF}
		{DB96100F-F6AA-4A52-B0E2-4056812919EC} = {79DC6E1E-E4DE-4645-BFD9-C4D4A89193DF}
		{86C9C182-0F0E-4111-896C-033F96617B09} = {79DC6E1E-E4DE-4645-BFD9-C4D4A89193DF}
		{A0A1B21B-DCF4-429E-B09E-6E766761068E} = {1C49AC17-DF3F-4D1A-8F71-D12C4EE34600}
		{6AC27508-96B5-4ABC-8A40-F6F35A2E791E} = {1C49AC17-DF3F-4D1A-8F71-D12C4EE34600}
	EndGlobalSection
	GlobalSection(ProjectConfigurationPlatforms) = postSolution
		{572CBD0C-D1BB-49E3-98AE-D59314CE9A4F}.Debug|Any CPU.ActiveCfg = Debug|Any CPU
		{572CBD0C-D1BB-49E3-98AE-D59314CE9A4F}.Debug|Any CPU.Build.0 = Debug|Any CPU
		{572CBD0C-D1BB-49E3-98AE-D59314CE9A4F}.Release|Any CPU.ActiveCfg = Release|Any CPU
		{572CBD0C-D1BB-49E3-98AE-D59314CE9A4F}.Release|Any CPU.Build.0 = Release|Any CPU
		{A32DEC40-E883-4A8E-AE84-E5B79FE0D97D}.Debug|Any CPU.ActiveCfg = Debug|Any CPU
		{A32DEC40-E883-4A8E-AE84-E5B79FE0D97D}.Debug|Any CPU.Build.0 = Debug|Any CPU
		{A32DEC40-E883-4A8E-AE84-E5B79FE0D97D}.Release|Any CPU.ActiveCfg = Release|Any CPU
		{A32DEC40-E883-4A8E-AE84-E5B79FE0D97D}.Release|Any CPU.Build.0 = Release|Any CPU
		{AE832169-6026-4BA9-80B3-78B60DA9E115}.Debug|Any CPU.ActiveCfg = Debug|Any CPU
		{AE832169-6026-4BA9-80B3-78B60DA9E115}.Debug|Any CPU.Build.0 = Debug|Any CPU
		{AE832169-6026-4BA9-80B3-78B60DA9E115}.Release|Any CPU.ActiveCfg = Release|Any CPU
		{AE832169-6026-4BA9-80B3-78B60DA9E115}.Release|Any CPU.Build.0 = Release|Any CPU
		{E997DD19-F253-485C-9101-4699F1B4F97D}.Debug|Any CPU.ActiveCfg = Debug|Any CPU
		{E997DD19-F253-485C-9101-4699F1B4F97D}.Debug|Any CPU.Build.0 = Debug|Any CPU
		{E997DD19-F253-485C-9101-4699F1B4F97D}.Release|Any CPU.ActiveCfg = Release|Any CPU
		{E997DD19-F253-485C-9101-4699F1B4F97D}.Release|Any CPU.Build.0 = Release|Any CPU
		{72BB3495-5D3C-4708-8267-7E79C8879041}.Debug|Any CPU.ActiveCfg = Debug|Any CPU
		{72BB3495-5D3C-4708-8267-7E79C8879041}.Debug|Any CPU.Build.0 = Debug|Any CPU
		{72BB3495-5D3C-4708-8267-7E79C8879041}.Release|Any CPU.ActiveCfg = Release|Any CPU
		{72BB3495-5D3C-4708-8267-7E79C8879041}.Release|Any CPU.Build.0 = Release|Any CPU
		{1CD5C3AA-7E82-4BA6-A264-57B8CC98BFBB}.Debug|Any CPU.ActiveCfg = Debug|Any CPU
		{1CD5C3AA-7E82-4BA6-A264-57B8CC98BFBB}.Debug|Any CPU.Build.0 = Debug|Any CPU
		{1CD5C3AA-7E82-4BA6-A264-57B8CC98BFBB}.Release|Any CPU.ActiveCfg = Release|Any CPU
		{1CD5C3AA-7E82-4BA6-A264-57B8CC98BFBB}.Release|Any CPU.Build.0 = Release|Any CPU
		{112F83BE-1814-4888-AEE2-CA137A65CCDC}.Debug|Any CPU.ActiveCfg = Debug|Any CPU
		{112F83BE-1814-4888-AEE2-CA137A65CCDC}.Debug|Any CPU.Build.0 = Debug|Any CPU
		{112F83BE-1814-4888-AEE2-CA137A65CCDC}.Release|Any CPU.ActiveCfg = Release|Any CPU
		{112F83BE-1814-4888-AEE2-CA137A65CCDC}.Release|Any CPU.Build.0 = Release|Any CPU
		{DB96100F-F6AA-4A52-B0E2-4056812919EC}.Debug|Any CPU.ActiveCfg = Debug|Any CPU
		{DB96100F-F6AA-4A52-B0E2-4056812919EC}.Debug|Any CPU.Build.0 = Debug|Any CPU
		{DB96100F-F6AA-4A52-B0E2-4056812919EC}.Release|Any CPU.ActiveCfg = Release|Any CPU
		{DB96100F-F6AA-4A52-B0E2-4056812919EC}.Release|Any CPU.Build.0 = Release|Any CPU
		{86C9C182-0F0E-4111-896C-033F96617B09}.Debug|Any CPU.ActiveCfg = Debug|Any CPU
		{86C9C182-0F0E-4111-896C-033F96617B09}.Debug|Any CPU.Build.0 = Debug|Any CPU
		{86C9C182-0F0E-4111-896C-033F96617B09}.Release|Any CPU.ActiveCfg = Release|Any CPU
		{86C9C182-0F0E-4111-896C-033F96617B09}.Release|Any CPU.Build.0 = Release|Any CPU
		{A0A1B21B-DCF4-429E-B09E-6E766761068E}.Debug|Any CPU.ActiveCfg = Debug|Any CPU
		{A0A1B21B-DCF4-429E-B09E-6E766761068E}.Debug|Any CPU.Build.0 = Debug|Any CPU
		{A0A1B21B-DCF4-429E-B09E-6E766761068E}.Release|Any CPU.ActiveCfg = Release|Any CPU
		{A0A1B21B-DCF4-429E-B09E-6E766761068E}.Release|Any CPU.Build.0 = Release|Any CPU
		{6AC27508-96B5-4ABC-8A40-F6F35A2E791E}.Debug|Any CPU.ActiveCfg = Debug|Any CPU
		{6AC27508-96B5-4ABC-8A40-F6F35A2E791E}.Debug|Any CPU.Build.0 = Debug|Any CPU
		{6AC27508-96B5-4ABC-8A40-F6F35A2E791E}.Release|Any CPU.ActiveCfg = Release|Any CPU
		{6AC27508-96B5-4ABC-8A40-F6F35A2E791E}.Release|Any CPU.Build.0 = Release|Any CPU
	EndGlobalSection
EndGlobal
