
Microsoft Visual Studio Solution File, Format Version 12.00
# Visual Studio 15
Project("{FAE04EC0-301F-11D3-BF4B-00C04F79EFBC}") = "HelloWorld", "HelloWorld\HelloWorld.csproj", "{8BD05E8B-321D-45B1-AF67-932EBF53E118}"
EndProject
Project("{2150E333-8FDC-42A3-9474-1A3956D46DE8}") = "homework-1", "homework-1", "{8FDBC99F-88B5-43BC-9D50-4940E02506DA}"
EndProject
Project("{FAE04EC0-301F-11D3-BF4B-00C04F79EFBC}") = "HelloWorld2", "HelloWorld2\HelloWorld2.csproj", "{574E0C43-AC17-4237-9512-9B11113B3D84}"
EndProject
Global
	GlobalSection(SolutionConfigurationPlatforms) = preSolution
		Debug|x86 = Debug|x86
		Release|x86 = Release|x86
	EndGlobalSection
	GlobalSection(ProjectConfigurationPlatforms) = postSolution
		{8BD05E8B-321D-45B1-AF67-932EBF53E118}.Debug|x86.ActiveCfg = Debug|x86
		{8BD05E8B-321D-45B1-AF67-932EBF53E118}.Debug|x86.Build.0 = Debug|x86
		{8BD05E8B-321D-45B1-AF67-932EBF53E118}.Release|x86.ActiveCfg = Release|x86
		{8BD05E8B-321D-45B1-AF67-932EBF53E118}.Release|x86.Build.0 = Release|x86
		{574E0C43-AC17-4237-9512-9B11113B3D84}.Debug|x86.ActiveCfg = Debug|Any CPU
		{574E0C43-AC17-4237-9512-9B11113B3D84}.Debug|x86.Build.0 = Debug|Any CPU
		{574E0C43-AC17-4237-9512-9B11113B3D84}.Release|x86.ActiveCfg = Release|Any CPU
		{574E0C43-AC17-4237-9512-9B11113B3D84}.Release|x86.Build.0 = Release|Any CPU
	EndGlobalSection
	GlobalSection(NestedProjects) = preSolution
		{8BD05E8B-321D-45B1-AF67-932EBF53E118} = {8FDBC99F-88B5-43BC-9D50-4940E02506DA}
		{574E0C43-AC17-4237-9512-9B11113B3D84} = {8FDBC99F-88B5-43BC-9D50-4940E02506DA}
	EndGlobalSection
EndGlobal
